
Microsoft Visual Studio Solution File, Format Version 12.00
# Visual Studio 14
VisualStudioVersion = 14.0.25420.1
MinimumVisualStudioVersion = 10.0.40219.1
Project("{FAE04EC0-301F-11D3-BF4B-00C04F79EFBC}") = "SportsStore.Domain", "SportsStore.Domain\SportsStore.Domain.csproj", "{22933EB1-CA56-425F-BE03-558EACA2B43A}"
EndProject
Project("{FAE04EC0-301F-11D3-BF4B-00C04F79EFBC}") = "SportsStore.WebUI", "SportsStore.WebUI\SportsStore.WebUI.csproj", "{E38139E2-A987-41D0-B142-9506C895D2BD}"
EndProject
Project("{FAE04EC0-301F-11D3-BF4B-00C04F79EFBC}") = "SportsStore.UnitTests", "SportsStore.UnitTests\SportsStore.UnitTests.csproj", "{FF8EFC5A-9DE0-456A-883D-E1A54364CD16}"
EndProject
Global
	GlobalSection(SolutionConfigurationPlatforms) = preSolution
		Debug|Any CPU = Debug|Any CPU
		Release|Any CPU = Release|Any CPU
	EndGlobalSection
	GlobalSection(ProjectConfigurationPlatforms) = postSolution
		{22933EB1-CA56-425F-BE03-558EACA2B43A}.Debug|Any CPU.ActiveCfg = Debug|Any CPU
		{22933EB1-CA56-425F-BE03-558EACA2B43A}.Debug|Any CPU.Build.0 = Debug|Any CPU
		{22933EB1-CA56-425F-BE03-558EACA2B43A}.Release|Any CPU.ActiveCfg = Release|Any CPU
		{22933EB1-CA56-425F-BE03-558EACA2B43A}.Release|Any CPU.Build.0 = Release|Any CPU
		{E38139E2-A987-41D0-B142-9506C895D2BD}.Debug|Any CPU.ActiveCfg = Debug|Any CPU
		{E38139E2-A987-41D0-B142-9506C895D2BD}.Debug|Any CPU.Build.0 = Debug|Any CPU
		{E38139E2-A987-41D0-B142-9506C895D2BD}.Release|Any CPU.ActiveCfg = Release|Any CPU
		{E38139E2-A987-41D0-B142-9506C895D2BD}.Release|Any CPU.Build.0 = Release|Any CPU
		{FF8EFC5A-9DE0-456A-883D-E1A54364CD16}.Debug|Any CPU.ActiveCfg = Debug|Any CPU
		{FF8EFC5A-9DE0-456A-883D-E1A54364CD16}.Debug|Any CPU.Build.0 = Debug|Any CPU
		{FF8EFC5A-9DE0-456A-883D-E1A54364CD16}.Release|Any CPU.ActiveCfg = Release|Any CPU
		{FF8EFC5A-9DE0-456A-883D-E1A54364CD16}.Release|Any CPU.Build.0 = Release|Any CPU
	EndGlobalSection
	GlobalSection(SolutionProperties) = preSolution
		HideSolutionNode = FALSE
	EndGlobalSection
EndGlobal
